// !$*UTF8*$!
{
	archiveVersion = 1;
	classes = {
	};
	objectVersion = 46;
	objects = {

/* Begin PBXBuildFile section */
		2D280B191F8F376F00598009 /* logo.png in Resources */ = {isa = PBXBuildFile; fileRef = 2D280B0D1F8F376F00598009 /* logo.png */; };
		2D280B1A1F8F376F00598009 /* logo@2x.png in Resources */ = {isa = PBXBuildFile; fileRef = 2D280B0E1F8F376F00598009 /* logo@2x.png */; };
		2D280B1B1F8F376F00598009 /* logo@3x.png in Resources */ = {isa = PBXBuildFile; fileRef = 2D280B0F1F8F376F00598009 /* logo@3x.png */; };
		2D280B1C1F8F376F00598009 /* 柠檬嘀送，一嘀就送.png in Resources */ = {isa = PBXBuildFile; fileRef = 2D280B101F8F376F00598009 /* 柠檬嘀送，一嘀就送.png */; };
		2D280B1D1F8F376F00598009 /* 柠檬嘀送，一嘀就送@2x.png in Resources */ = {isa = PBXBuildFile; fileRef = 2D280B111F8F376F00598009 /* 柠檬嘀送，一嘀就送@2x.png */; };
		2D280B1E1F8F376F00598009 /* 柠檬嘀送，一嘀就送@3x.png in Resources */ = {isa = PBXBuildFile; fileRef = 2D280B121F8F376F00598009 /* 柠檬嘀送，一嘀就送@3x.png */; };
		2D280B1F1F8F376F00598009 /* 密码@2x.png in Resources */ = {isa = PBXBuildFile; fileRef = 2D280B151F8F376F00598009 /* 密码@2x.png */; };
		2D280B201F8F376F00598009 /* 手机-(1)@2x.png in Resources */ = {isa = PBXBuildFile; fileRef = 2D280B161F8F376F00598009 /* 手机-(1)@2x.png */; };
		2D280B211F8F376F00598009 /* 隐藏-(1)@2x.png in Resources */ = {isa = PBXBuildFile; fileRef = 2D280B171F8F376F00598009 /* 隐藏-(1)@2x.png */; };
		2D280B221F8F376F00598009 /* 隐藏@2x.png in Resources */ = {isa = PBXBuildFile; fileRef = 2D280B181F8F376F00598009 /* 隐藏@2x.png */; };
		2D280B251F8F44E000598009 /* NewPSignViewController.m in Sources */ = {isa = PBXBuildFile; fileRef = 2D280B241F8F44E000598009 /* NewPSignViewController.m */; };
		2D280B2E1F8F458600598009 /* phone.png in Resources */ = {isa = PBXBuildFile; fileRef = 2D280B281F8F458600598009 /* phone.png */; };
		2D280B2F1F8F458600598009 /* phone@2x.png in Resources */ = {isa = PBXBuildFile; fileRef = 2D280B291F8F458600598009 /* phone@2x.png */; };
		2D280B301F8F458600598009 /* phone@3x.png in Resources */ = {isa = PBXBuildFile; fileRef = 2D280B2A1F8F458600598009 /* phone@3x.png */; };
		2D280B311F8F458600598009 /* 形状-1.png in Resources */ = {isa = PBXBuildFile; fileRef = 2D280B2B1F8F458600598009 /* 形状-1.png */; };
		2D280B321F8F458600598009 /* 形状-1@2x.png in Resources */ = {isa = PBXBuildFile; fileRef = 2D280B2C1F8F458600598009 /* 形状-1@2x.png */; };
		2D280B331F8F458600598009 /* 形状-1@3x.png in Resources */ = {isa = PBXBuildFile; fileRef = 2D280B2D1F8F458600598009 /* 形状-1@3x.png */; };
		2D4F6EA31F8C9A5000271E7F /* main.m in Sources */ = {isa = PBXBuildFile; fileRef = 2D4F6EA21F8C9A5000271E7F /* main.m */; };
		2D4F6EA61F8C9A5000271E7F /* AppDelegate.m in Sources */ = {isa = PBXBuildFile; fileRef = 2D4F6EA51F8C9A5000271E7F /* AppDelegate.m */; };
		2D4F6EA91F8C9A5000271E7F /* ViewController.m in Sources */ = {isa = PBXBuildFile; fileRef = 2D4F6EA81F8C9A5000271E7F /* ViewController.m */; };
		2D4F6EAC1F8C9A5000271E7F /* Main.storyboard in Resources */ = {isa = PBXBuildFile; fileRef = 2D4F6EAA1F8C9A5000271E7F /* Main.storyboard */; };
		2D4F6EAE1F8C9A5000271E7F /* Assets.xcassets in Resources */ = {isa = PBXBuildFile; fileRef = 2D4F6EAD1F8C9A5000271E7F /* Assets.xcassets */; };
		2D4F6EB11F8C9A5000271E7F /* LaunchScreen.storyboard in Resources */ = {isa = PBXBuildFile; fileRef = 2D4F6EAF1F8C9A5000271E7F /* LaunchScreen.storyboard */; };
		2D4F6EBC1F8C9A5000271E7F /* LemonUITests.m in Sources */ = {isa = PBXBuildFile; fileRef = 2D4F6EBB1F8C9A5000271E7F /* LemonUITests.m */; };
/* End PBXBuildFile section */

/* Begin PBXContainerItemProxy section */
		2D4F6EB81F8C9A5000271E7F /* PBXContainerItemProxy */ = {
			isa = PBXContainerItemProxy;
			containerPortal = 2D4F6E961F8C9A5000271E7F /* Project object */;
			proxyType = 1;
			remoteGlobalIDString = 2D4F6E9D1F8C9A5000271E7F;
			remoteInfo = Lemon;
		};
/* End PBXContainerItemProxy section */

/* Begin PBXFileReference section */
		2D280B0D1F8F376F00598009 /* logo.png */ = {isa = PBXFileReference; lastKnownFileType = image.png; path = logo.png; sourceTree = "<group>"; };
		2D280B0E1F8F376F00598009 /* logo@2x.png */ = {isa = PBXFileReference; lastKnownFileType = image.png; path = "logo@2x.png"; sourceTree = "<group>"; };
		2D280B0F1F8F376F00598009 /* logo@3x.png */ = {isa = PBXFileReference; lastKnownFileType = image.png; path = "logo@3x.png"; sourceTree = "<group>"; };
		2D280B101F8F376F00598009 /* 柠檬嘀送，一嘀就送.png */ = {isa = PBXFileReference; lastKnownFileType = image.png; path = "柠檬嘀送，一嘀就送.png"; sourceTree = "<group>"; };
		2D280B111F8F376F00598009 /* 柠檬嘀送，一嘀就送@2x.png */ = {isa = PBXFileReference; lastKnownFileType = image.png; path = "柠檬嘀送，一嘀就送@2x.png"; sourceTree = "<group>"; };
		2D280B121F8F376F00598009 /* 柠檬嘀送，一嘀就送@3x.png */ = {isa = PBXFileReference; lastKnownFileType = image.png; path = "柠檬嘀送，一嘀就送@3x.png"; sourceTree = "<group>"; };
		2D280B151F8F376F00598009 /* 密码@2x.png */ = {isa = PBXFileReference; lastKnownFileType = image.png; path = "密码@2x.png"; sourceTree = "<group>"; };
		2D280B161F8F376F00598009 /* 手机-(1)@2x.png */ = {isa = PBXFileReference; lastKnownFileType = image.png; path = "手机-(1)@2x.png"; sourceTree = "<group>"; };
		2D280B171F8F376F00598009 /* 隐藏-(1)@2x.png */ = {isa = PBXFileReference; lastKnownFileType = image.png; path = "隐藏-(1)@2x.png"; sourceTree = "<group>"; };
		2D280B181F8F376F00598009 /* 隐藏@2x.png */ = {isa = PBXFileReference; lastKnownFileType = image.png; path = "隐藏@2x.png"; sourceTree = "<group>"; };
		2D280B231F8F44E000598009 /* NewPSignViewController.h */ = {isa = PBXFileReference; fileEncoding = 4; lastKnownFileType = sourcecode.c.h; name = NewPSignViewController.h; path = ../NewPSignViewController.h; sourceTree = "<group>"; };
		2D280B241F8F44E000598009 /* NewPSignViewController.m */ = {isa = PBXFileReference; fileEncoding = 4; lastKnownFileType = sourcecode.c.objc; name = NewPSignViewController.m; path = ../NewPSignViewController.m; sourceTree = "<group>"; };
		2D280B281F8F458600598009 /* phone.png */ = {isa = PBXFileReference; lastKnownFileType = image.png; path = phone.png; sourceTree = "<group>"; };
		2D280B291F8F458600598009 /* phone@2x.png */ = {isa = PBXFileReference; lastKnownFileType = image.png; path = "phone@2x.png"; sourceTree = "<group>"; };
		2D280B2A1F8F458600598009 /* phone@3x.png */ = {isa = PBXFileReference; lastKnownFileType = image.png; path = "phone@3x.png"; sourceTree = "<group>"; };
		2D280B2B1F8F458600598009 /* 形状-1.png */ = {isa = PBXFileReference; lastKnownFileType = image.png; path = "形状-1.png"; sourceTree = "<group>"; };
		2D280B2C1F8F458600598009 /* 形状-1@2x.png */ = {isa = PBXFileReference; lastKnownFileType = image.png; path = "形状-1@2x.png"; sourceTree = "<group>"; };
		2D280B2D1F8F458600598009 /* 形状-1@3x.png */ = {isa = PBXFileReference; lastKnownFileType = image.png; path = "形状-1@3x.png"; sourceTree = "<group>"; };
		2D4F6E9E1F8C9A5000271E7F /* Lemon.app */ = {isa = PBXFileReference; explicitFileType = wrapper.application; includeInIndex = 0; path = Lemon.app; sourceTree = BUILT_PRODUCTS_DIR; };
		2D4F6EA21F8C9A5000271E7F /* main.m */ = {isa = PBXFileReference; lastKnownFileType = sourcecode.c.objc; path = main.m; sourceTree = "<group>"; };
		2D4F6EA41F8C9A5000271E7F /* AppDelegate.h */ = {isa = PBXFileReference; lastKnownFileType = sourcecode.c.h; path = AppDelegate.h; sourceTree = "<group>"; };
		2D4F6EA51F8C9A5000271E7F /* AppDelegate.m */ = {isa = PBXFileReference; lastKnownFileType = sourcecode.c.objc; path = AppDelegate.m; sourceTree = "<group>"; };
		2D4F6EA71F8C9A5000271E7F /* ViewController.h */ = {isa = PBXFileReference; lastKnownFileType = sourcecode.c.h; path = ViewController.h; sourceTree = "<group>"; };
		2D4F6EA81F8C9A5000271E7F /* ViewController.m */ = {isa = PBXFileReference; lastKnownFileType = sourcecode.c.objc; path = ViewController.m; sourceTree = "<group>"; };
		2D4F6EAB1F8C9A5000271E7F /* Base */ = {isa = PBXFileReference; lastKnownFileType = file.storyboard; name = Base; path = Base.lproj/Main.storyboard; sourceTree = "<group>"; };
		2D4F6EAD1F8C9A5000271E7F /* Assets.xcassets */ = {isa = PBXFileReference; lastKnownFileType = folder.assetcatalog; path = Assets.xcassets; sourceTree = "<group>"; };
		2D4F6EB01F8C9A5000271E7F /* Base */ = {isa = PBXFileReference; lastKnownFileType = file.storyboard; name = Base; path = Base.lproj/LaunchScreen.storyboard; sourceTree = "<group>"; };
		2D4F6EB21F8C9A5000271E7F /* Info.plist */ = {isa = PBXFileReference; lastKnownFileType = text.plist.xml; path = Info.plist; sourceTree = "<group>"; };
		2D4F6EB71F8C9A5000271E7F /* LemonUITests.xctest */ = {isa = PBXFileReference; explicitFileType = wrapper.cfbundle; includeInIndex = 0; path = LemonUITests.xctest; sourceTree = BUILT_PRODUCTS_DIR; };
		2D4F6EBB1F8C9A5000271E7F /* LemonUITests.m */ = {isa = PBXFileReference; lastKnownFileType = sourcecode.c.objc; path = LemonUITests.m; sourceTree = "<group>"; };
		2D4F6EBD1F8C9A5000271E7F /* Info.plist */ = {isa = PBXFileReference; lastKnownFileType = text.plist.xml; path = Info.plist; sourceTree = "<group>"; };
/* End PBXFileReference section */

/* Begin PBXFrameworksBuildPhase section */
		2D4F6E9B1F8C9A5000271E7F /* Frameworks */ = {
			isa = PBXFrameworksBuildPhase;
			buildActionMask = 2147483647;
			files = (
			);
			runOnlyForDeploymentPostprocessing = 0;
		};
		2D4F6EB41F8C9A5000271E7F /* Frameworks */ = {
			isa = PBXFrameworksBuildPhase;
			buildActionMask = 2147483647;
			files = (
			);
			runOnlyForDeploymentPostprocessing = 0;
		};
/* End PBXFrameworksBuildPhase section */

/* Begin PBXGroup section */
		2D280B0A1F8F376F00598009 /* Resource */ = {
			isa = PBXGroup;
			children = (
				2D280B261F8F458600598009 /* 注册页面切图 */,
				2D280B0B1F8F376F00598009 /* loading页面切图 */,
				2D280B131F8F376F00598009 /* 登录页面 */,
			);
			path = Resource;
			sourceTree = "<group>";
		};
		2D280B0B1F8F376F00598009 /* loading页面切图 */ = {
			isa = PBXGroup;
			children = (
				2D280B0C1F8F376F00598009 /* ios */,
			);
			path = "loading页面切图";
			sourceTree = "<group>";
		};
		2D280B0C1F8F376F00598009 /* ios */ = {
			isa = PBXGroup;
			children = (
				2D280B0D1F8F376F00598009 /* logo.png */,
				2D280B0E1F8F376F00598009 /* logo@2x.png */,
				2D280B0F1F8F376F00598009 /* logo@3x.png */,
				2D280B101F8F376F00598009 /* 柠檬嘀送，一嘀就送.png */,
				2D280B111F8F376F00598009 /* 柠檬嘀送，一嘀就送@2x.png */,
				2D280B121F8F376F00598009 /* 柠檬嘀送，一嘀就送@3x.png */,
			);
			path = ios;
			sourceTree = "<group>";
		};
		2D280B131F8F376F00598009 /* 登录页面 */ = {
			isa = PBXGroup;
			children = (
				2D280B141F8F376F00598009 /* ios */,
			);
			path = "登录页面";
			sourceTree = "<group>";
		};
		2D280B141F8F376F00598009 /* ios */ = {
			isa = PBXGroup;
			children = (
				2D280B151F8F376F00598009 /* 密码@2x.png */,
				2D280B161F8F376F00598009 /* 手机-(1)@2x.png */,
				2D280B171F8F376F00598009 /* 隐藏-(1)@2x.png */,
				2D280B181F8F376F00598009 /* 隐藏@2x.png */,
			);
			path = ios;
			sourceTree = "<group>";
		};
		2D280B261F8F458600598009 /* 注册页面切图 */ = {
			isa = PBXGroup;
			children = (
				2D280B271F8F458600598009 /* ios */,
			);
			path = "注册页面切图";
			sourceTree = "<group>";
		};
		2D280B271F8F458600598009 /* ios */ = {
			isa = PBXGroup;
			children = (
				2D280B281F8F458600598009 /* phone.png */,
				2D280B291F8F458600598009 /* phone@2x.png */,
				2D280B2A1F8F458600598009 /* phone@3x.png */,
				2D280B2B1F8F458600598009 /* 形状-1.png */,
				2D280B2C1F8F458600598009 /* 形状-1@2x.png */,
				2D280B2D1F8F458600598009 /* 形状-1@3x.png */,
			);
			path = ios;
			sourceTree = "<group>";
		};
		2D4F6E951F8C9A5000271E7F = {
			isa = PBXGroup;
			children = (
				2D4F6EA01F8C9A5000271E7F /* Lemon */,
				2D4F6EBA1F8C9A5000271E7F /* LemonUITests */,
				2D4F6E9F1F8C9A5000271E7F /* Products */,
			);
			sourceTree = "<group>";
		};
		2D4F6E9F1F8C9A5000271E7F /* Products */ = {
			isa = PBXGroup;
			children = (
				2D4F6E9E1F8C9A5000271E7F /* Lemon.app */,
				2D4F6EB71F8C9A5000271E7F /* LemonUITests.xctest */,
			);
			name = Products;
			sourceTree = "<group>";
		};
		2D4F6EA01F8C9A5000271E7F /* Lemon */ = {
			isa = PBXGroup;
			children = (
				2D280B0A1F8F376F00598009 /* Resource */,
				2D4F6EA41F8C9A5000271E7F /* AppDelegate.h */,
				2D4F6EA51F8C9A5000271E7F /* AppDelegate.m */,
				2D4F6EA71F8C9A5000271E7F /* ViewController.h */,
				2D4F6EA81F8C9A5000271E7F /* ViewController.m */,
				2D280B231F8F44E000598009 /* NewPSignViewController.h */,
				2D280B241F8F44E000598009 /* NewPSignViewController.m */,
				2D4F6EAA1F8C9A5000271E7F /* Main.storyboard */,
				2D4F6EAD1F8C9A5000271E7F /* Assets.xcassets */,
				2D4F6EAF1F8C9A5000271E7F /* LaunchScreen.storyboard */,
				2D4F6EB21F8C9A5000271E7F /* Info.plist */,
				2D4F6EA11F8C9A5000271E7F /* Supporting Files */,
			);
			path = Lemon;
			sourceTree = "<group>";
		};
		2D4F6EA11F8C9A5000271E7F /* Supporting Files */ = {
			isa = PBXGroup;
			children = (
				2D4F6EA21F8C9A5000271E7F /* main.m */,
			);
			name = "Supporting Files";
			sourceTree = "<group>";
		};
		2D4F6EBA1F8C9A5000271E7F /* LemonUITests */ = {
			isa = PBXGroup;
			children = (
				2D4F6EBB1F8C9A5000271E7F /* LemonUITests.m */,
				2D4F6EBD1F8C9A5000271E7F /* Info.plist */,
			);
			path = LemonUITests;
			sourceTree = "<group>";
		};
/* End PBXGroup section */

/* Begin PBXNativeTarget section */
		2D4F6E9D1F8C9A5000271E7F /* Lemon */ = {
			isa = PBXNativeTarget;
			buildConfigurationList = 2D4F6EC01F8C9A5000271E7F /* Build configuration list for PBXNativeTarget "Lemon" */;
			buildPhases = (
				2D4F6E9A1F8C9A5000271E7F /* Sources */,
				2D4F6E9B1F8C9A5000271E7F /* Frameworks */,
				2D4F6E9C1F8C9A5000271E7F /* Resources */,
			);
			buildRules = (
			);
			dependencies = (
			);
			name = Lemon;
			productName = Lemon;
			productReference = 2D4F6E9E1F8C9A5000271E7F /* Lemon.app */;
			productType = "com.apple.product-type.application";
		};
		2D4F6EB61F8C9A5000271E7F /* LemonUITests */ = {
			isa = PBXNativeTarget;
			buildConfigurationList = 2D4F6EC31F8C9A5000271E7F /* Build configuration list for PBXNativeTarget "LemonUITests" */;
			buildPhases = (
				2D4F6EB31F8C9A5000271E7F /* Sources */,
				2D4F6EB41F8C9A5000271E7F /* Frameworks */,
				2D4F6EB51F8C9A5000271E7F /* Resources */,
			);
			buildRules = (
			);
			dependencies = (
				2D4F6EB91F8C9A5000271E7F /* PBXTargetDependency */,
			);
			name = LemonUITests;
			productName = LemonUITests;
			productReference = 2D4F6EB71F8C9A5000271E7F /* LemonUITests.xctest */;
			productType = "com.apple.product-type.bundle.ui-testing";
		};
/* End PBXNativeTarget section */

/* Begin PBXProject section */
		2D4F6E961F8C9A5000271E7F /* Project object */ = {
			isa = PBXProject;
			attributes = {
				LastUpgradeCheck = 0830;
				ORGANIZATIONNAME = darksnake;
				TargetAttributes = {
					2D4F6E9D1F8C9A5000271E7F = {
						CreatedOnToolsVersion = 8.3.3;
						DevelopmentTeam = NJB87TFSW9;
						ProvisioningStyle = Automatic;
					};
					2D4F6EB61F8C9A5000271E7F = {
						CreatedOnToolsVersion = 8.3.3;
						ProvisioningStyle = Automatic;
						TestTargetID = 2D4F6E9D1F8C9A5000271E7F;
					};
				};
			};
			buildConfigurationList = 2D4F6E991F8C9A5000271E7F /* Build configuration list for PBXProject "Lemon" */;
			compatibilityVersion = "Xcode 3.2";
			developmentRegion = English;
			hasScannedForEncodings = 0;
			knownRegions = (
				en,
				Base,
			);
			mainGroup = 2D4F6E951F8C9A5000271E7F;
			productRefGroup = 2D4F6E9F1F8C9A5000271E7F /* Products */;
			projectDirPath = "";
			projectRoot = "";
			targets = (
				2D4F6E9D1F8C9A5000271E7F /* Lemon */,
				2D4F6EB61F8C9A5000271E7F /* LemonUITests */,
			);
		};
/* End PBXProject section */

/* Begin PBXResourcesBuildPhase section */
		2D4F6E9C1F8C9A5000271E7F /* Resources */ = {
			isa = PBXResourcesBuildPhase;
			buildActionMask = 2147483647;
			files = (
				2D280B1E1F8F376F00598009 /* 柠檬嘀送，一嘀就送@3x.png in Resources */,
				2D280B1D1F8F376F00598009 /* 柠檬嘀送，一嘀就送@2x.png in Resources */,
				2D280B2F1F8F458600598009 /* phone@2x.png in Resources */,
				2D280B1A1F8F376F00598009 /* logo@2x.png in Resources */,
				2D280B301F8F458600598009 /* phone@3x.png in Resources */,
				2D280B1F1F8F376F00598009 /* 密码@2x.png in Resources */,
				2D280B191F8F376F00598009 /* logo.png in Resources */,
				2D280B221F8F376F00598009 /* 隐藏@2x.png in Resources */,
				2D4F6EB11F8C9A5000271E7F /* LaunchScreen.storyboard in Resources */,
				2D280B311F8F458600598009 /* 形状-1.png in Resources */,
				2D4F6EAE1F8C9A5000271E7F /* Assets.xcassets in Resources */,
				2D280B1C1F8F376F00598009 /* 柠檬嘀送，一嘀就送.png in Resources */,
				2D280B211F8F376F00598009 /* 隐藏-(1)@2x.png in Resources */,
				2D280B2E1F8F458600598009 /* phone.png in Resources */,
				2D280B1B1F8F376F00598009 /* logo@3x.png in Resources */,
				2D280B331F8F458600598009 /* 形状-1@3x.png in Resources */,
				2D4F6EAC1F8C9A5000271E7F /* Main.storyboard in Resources */,
				2D280B321F8F458600598009 /* 形状-1@2x.png in Resources */,
				2D280B201F8F376F00598009 /* 手机-(1)@2x.png in Resources */,
			);
			runOnlyForDeploymentPostprocessing = 0;
		};
		2D4F6EB51F8C9A5000271E7F /* Resources */ = {
			isa = PBXResourcesBuildPhase;
			buildActionMask = 2147483647;
			files = (
			);
			runOnlyForDeploymentPostprocessing = 0;
		};
/* End PBXResourcesBuildPhase section */

/* Begin PBXSourcesBuildPhase section */
		2D4F6E9A1F8C9A5000271E7F /* Sources */ = {
			isa = PBXSourcesBuildPhase;
			buildActionMask = 2147483647;
			files = (
				2D4F6EA91F8C9A5000271E7F /* ViewController.m in Sources */,
				2D280B251F8F44E000598009 /* NewPSignViewController.m in Sources */,
				2D4F6EA61F8C9A5000271E7F /* AppDelegate.m in Sources */,
				2D4F6EA31F8C9A5000271E7F /* main.m in Sources */,
			);
			runOnlyForDeploymentPostprocessing = 0;
		};
		2D4F6EB31F8C9A5000271E7F /* Sources */ = {
			isa = PBXSourcesBuildPhase;
			buildActionMask = 2147483647;
			files = (
				2D4F6EBC1F8C9A5000271E7F /* LemonUITests.m in Sources */,
			);
			runOnlyForDeploymentPostprocessing = 0;
		};
/* End PBXSourcesBuildPhase section */

/* Begin PBXTargetDependency section */
		2D4F6EB91F8C9A5000271E7F /* PBXTargetDependency */ = {
			isa = PBXTargetDependency;
			target = 2D4F6E9D1F8C9A5000271E7F /* Lemon */;
			targetProxy = 2D4F6EB81F8C9A5000271E7F /* PBXContainerItemProxy */;
		};
/* End PBXTargetDependency section */

/* Begin PBXVariantGroup section */
		2D4F6EAA1F8C9A5000271E7F /* Main.storyboard */ = {
			isa = PBXVariantGroup;
			children = (
				2D4F6EAB1F8C9A5000271E7F /* Base */,
			);
			name = Main.storyboard;
			sourceTree = "<group>";
		};
		2D4F6EAF1F8C9A5000271E7F /* LaunchScreen.storyboard */ = {
			isa = PBXVariantGroup;
			children = (
				2D4F6EB01F8C9A5000271E7F /* Base */,
			);
			name = LaunchScreen.storyboard;
			sourceTree = "<group>";
		};
/* End PBXVariantGroup section */

/* Begin XCBuildConfiguration section */
		2D4F6EBE1F8C9A5000271E7F /* Debug */ = {
			isa = XCBuildConfiguration;
			buildSettings = {
				ALWAYS_SEARCH_USER_PATHS = NO;
				CLANG_ANALYZER_NONNULL = YES;
				CLANG_ANALYZER_NUMBER_OBJECT_CONVERSION = YES_AGGRESSIVE;
				CLANG_CXX_LANGUAGE_STANDARD = "gnu++0x";
				CLANG_CXX_LIBRARY = "libc++";
				CLANG_ENABLE_MODULES = YES;
				CLANG_ENABLE_OBJC_ARC = YES;
				CLANG_WARN_BOOL_CONVERSION = YES;
				CLANG_WARN_CONSTANT_CONVERSION = YES;
				CLANG_WARN_DIRECT_OBJC_ISA_USAGE = YES_ERROR;
				CLANG_WARN_DOCUMENTATION_COMMENTS = YES;
				CLANG_WARN_EMPTY_BODY = YES;
				CLANG_WARN_ENUM_CONVERSION = YES;
				CLANG_WARN_INFINITE_RECURSION = YES;
				CLANG_WARN_INT_CONVERSION = YES;
				CLANG_WARN_OBJC_ROOT_CLASS = YES_ERROR;
				CLANG_WARN_SUSPICIOUS_MOVE = YES;
				CLANG_WARN_UNREACHABLE_CODE = YES;
				CLANG_WARN__DUPLICATE_METHOD_MATCH = YES;
				"CODE_SIGN_IDENTITY[sdk=iphoneos*]" = "iPhone Developer";
				COPY_PHASE_STRIP = NO;
				DEBUG_INFORMATION_FORMAT = dwarf;
				ENABLE_STRICT_OBJC_MSGSEND = YES;
				ENABLE_TESTABILITY = YES;
				GCC_C_LANGUAGE_STANDARD = gnu99;
				GCC_DYNAMIC_NO_PIC = NO;
				GCC_NO_COMMON_BLOCKS = YES;
				GCC_OPTIMIZATION_LEVEL = 0;
				GCC_PREPROCESSOR_DEFINITIONS = (
					"DEBUG=1",
					"$(inherited)",
				);
				GCC_WARN_64_TO_32_BIT_CONVERSION = YES;
				GCC_WARN_ABOUT_RETURN_TYPE = YES_ERROR;
				GCC_WARN_UNDECLARED_SELECTOR = YES;
				GCC_WARN_UNINITIALIZED_AUTOS = YES_AGGRESSIVE;
				GCC_WARN_UNUSED_FUNCTION = YES;
				GCC_WARN_UNUSED_VARIABLE = YES;
				IPHONEOS_DEPLOYMENT_TARGET = 10.3;
				MTL_ENABLE_DEBUG_INFO = YES;
				ONLY_ACTIVE_ARCH = YES;
				SDKROOT = iphoneos;
				TARGETED_DEVICE_FAMILY = "1,2";
			};
			name = Debug;
		};
		2D4F6EBF1F8C9A5000271E7F /* Release */ = {
			isa = XCBuildConfiguration;
			buildSettings = {
				ALWAYS_SEARCH_USER_PATHS = NO;
				CLANG_ANALYZER_NONNULL = YES;
				CLANG_ANALYZER_NUMBER_OBJECT_CONVERSION = YES_AGGRESSIVE;
				CLANG_CXX_LANGUAGE_STANDARD = "gnu++0x";
				CLANG_CXX_LIBRARY = "libc++";
				CLANG_ENABLE_MODULES = YES;
				CLANG_ENABLE_OBJC_ARC = YES;
				CLANG_WARN_BOOL_CONVERSION = YES;
				CLANG_WARN_CONSTANT_CONVERSION = YES;
				CLANG_WARN_DIRECT_OBJC_ISA_USAGE = YES_ERROR;
				CLANG_WARN_DOCUMENTATION_COMMENTS = YES;
				CLANG_WARN_EMPTY_BODY = YES;
				CLANG_WARN_ENUM_CONVERSION = YES;
				CLANG_WARN_INFINITE_RECURSION = YES;
				CLANG_WARN_INT_CONVERSION = YES;
				CLANG_WARN_OBJC_ROOT_CLASS = YES_ERROR;
				CLANG_WARN_SUSPICIOUS_MOVE = YES;
				CLANG_WARN_UNREACHABLE_CODE = YES;
				CLANG_WARN__DUPLICATE_METHOD_MATCH = YES;
				"CODE_SIGN_IDENTITY[sdk=iphoneos*]" = "iPhone Developer";
				COPY_PHASE_STRIP = NO;
				DEBUG_INFORMATION_FORMAT = "dwarf-with-dsym";
				ENABLE_NS_ASSERTIONS = NO;
				ENABLE_STRICT_OBJC_MSGSEND = YES;
				GCC_C_LANGUAGE_STANDARD = gnu99;
				GCC_NO_COMMON_BLOCKS = YES;
				GCC_WARN_64_TO_32_BIT_CONVERSION = YES;
				GCC_WARN_ABOUT_RETURN_TYPE = YES_ERROR;
				GCC_WARN_UNDECLARED_SELECTOR = YES;
				GCC_WARN_UNINITIALIZED_AUTOS = YES_AGGRESSIVE;
				GCC_WARN_UNUSED_FUNCTION = YES;
				GCC_WARN_UNUSED_VARIABLE = YES;
				IPHONEOS_DEPLOYMENT_TARGET = 10.3;
				MTL_ENABLE_DEBUG_INFO = NO;
				SDKROOT = iphoneos;
				TARGETED_DEVICE_FAMILY = "1,2";
				VALIDATE_PRODUCT = YES;
			};
			name = Release;
		};
		2D4F6EC11F8C9A5000271E7F /* Debug */ = {
			isa = XCBuildConfiguration;
			buildSettings = {
				ASSETCATALOG_COMPILER_APPICON_NAME = AppIcon;
				DEVELOPMENT_TEAM = NJB87TFSW9;
				INFOPLIST_FILE = Lemon/Info.plist;
				LD_RUNPATH_SEARCH_PATHS = "$(inherited) @executable_path/Frameworks";
				PRODUCT_BUNDLE_IDENTIFIER = Darksnake.Lemon;
				PRODUCT_NAME = "$(TARGET_NAME)";
			};
			name = Debug;
		};
		2D4F6EC21F8C9A5000271E7F /* Release */ = {
			isa = XCBuildConfiguration;
			buildSettings = {
				ASSETCATALOG_COMPILER_APPICON_NAME = AppIcon;
				DEVELOPMENT_TEAM = NJB87TFSW9;
				INFOPLIST_FILE = Lemon/Info.plist;
				LD_RUNPATH_SEARCH_PATHS = "$(inherited) @executable_path/Frameworks";
				PRODUCT_BUNDLE_IDENTIFIER = Darksnake.Lemon;
				PRODUCT_NAME = "$(TARGET_NAME)";
			};
			name = Release;
		};
		2D4F6EC41F8C9A5000271E7F /* Debug */ = {
			isa = XCBuildConfiguration;
			buildSettings = {
				INFOPLIST_FILE = LemonUITests/Info.plist;
				LD_RUNPATH_SEARCH_PATHS = "$(inherited) @executable_path/Frameworks @loader_path/Frameworks";
				PRODUCT_BUNDLE_IDENTIFIER = Darksnake.LemonUITests;
				PRODUCT_NAME = "$(TARGET_NAME)";
				TEST_TARGET_NAME = Lemon;
			};
			name = Debug;
		};
		2D4F6EC51F8C9A5000271E7F /* Release */ = {
			isa = XCBuildConfiguration;
			buildSettings = {
				INFOPLIST_FILE = LemonUITests/Info.plist;
				LD_RUNPATH_SEARCH_PATHS = "$(inherited) @executable_path/Frameworks @loader_path/Frameworks";
				PRODUCT_BUNDLE_IDENTIFIER = Darksnake.LemonUITests;
				PRODUCT_NAME = "$(TARGET_NAME)";
				TEST_TARGET_NAME = Lemon;
			};
			name = Release;
		};
/* End XCBuildConfiguration section */

/* Begin XCConfigurationList section */
		2D4F6E991F8C9A5000271E7F /* Build configuration list for PBXProject "Lemon" */ = {
			isa = XCConfigurationList;
			buildConfigurations = (
				2D4F6EBE1F8C9A5000271E7F /* Debug */,
				2D4F6EBF1F8C9A5000271E7F /* Release */,
			);
			defaultConfigurationIsVisible = 0;
			defaultConfigurationName = Release;
		};
		2D4F6EC01F8C9A5000271E7F /* Build configuration list for PBXNativeTarget "Lemon" */ = {
			isa = XCConfigurationList;
			buildConfigurations = (
				2D4F6EC11F8C9A5000271E7F /* Debug */,
				2D4F6EC21F8C9A5000271E7F /* Release */,
			);
			defaultConfigurationIsVisible = 0;
			defaultConfigurationName = Release;
		};
		2D4F6EC31F8C9A5000271E7F /* Build configuration list for PBXNativeTarget "LemonUITests" */ = {
			isa = XCConfigurationList;
			buildConfigurations = (
				2D4F6EC41F8C9A5000271E7F /* Debug */,
				2D4F6EC51F8C9A5000271E7F /* Release */,
			);
			defaultConfigurationIsVisible = 0;
			defaultConfigurationName = Release;
		};
/* End XCConfigurationList section */
	};
	rootObject = 2D4F6E961F8C9A5000271E7F /* Project object */;
}
